// !$*UTF8*$!
{
	archiveVersion = 1;
	classes = {
	};
	objectVersion = 46;
	objects = {

/* Begin PBXBuildFile section */
		40AF12D21F4FBE17005EB03F /* main.m in Sources */ = {isa = PBXBuildFile; fileRef = 40AF12D11F4FBE17005EB03F /* main.m */; };
		40AF12D51F4FBE17005EB03F /* AppDelegate.m in Sources */ = {isa = PBXBuildFile; fileRef = 40AF12D41F4FBE17005EB03F /* AppDelegate.m */; };
		40AF12D81F4FBE17005EB03F /* ViewController.m in Sources */ = {isa = PBXBuildFile; fileRef = 40AF12D71F4FBE17005EB03F /* ViewController.m */; };
		40AF12DB1F4FBE17005EB03F /* Main.storyboard in Resources */ = {isa = PBXBuildFile; fileRef = 40AF12D91F4FBE17005EB03F /* Main.storyboard */; };
		40AF12DD1F4FBE17005EB03F /* Assets.xcassets in Resources */ = {isa = PBXBuildFile; fileRef = 40AF12DC1F4FBE17005EB03F /* Assets.xcassets */; };
		40AF12E01F4FBE17005EB03F /* LaunchScreen.storyboard in Resources */ = {isa = PBXBuildFile; fileRef = 40AF12DE1F4FBE17005EB03F /* LaunchScreen.storyboard */; };
		40AF12EB1F4FBE17005EB03F /* UEHTMLTests.m in Sources */ = {isa = PBXBuildFile; fileRef = 40AF12EA1F4FBE17005EB03F /* UEHTMLTests.m */; };
		40AF12F61F4FBE17005EB03F /* UEHTMLUITests.m in Sources */ = {isa = PBXBuildFile; fileRef = 40AF12F51F4FBE17005EB03F /* UEHTMLUITests.m */; };
/* End PBXBuildFile section */

/* Begin PBXContainerItemProxy section */
		40AF12E71F4FBE17005EB03F /* PBXContainerItemProxy */ = {
			isa = PBXContainerItemProxy;
			containerPortal = 40AF12C51F4FBE17005EB03F /* Project object */;
			proxyType = 1;
			remoteGlobalIDString = 40AF12CC1F4FBE17005EB03F;
			remoteInfo = UEHTML;
		};
		40AF12F21F4FBE17005EB03F /* PBXContainerItemProxy */ = {
			isa = PBXContainerItemProxy;
			containerPortal = 40AF12C51F4FBE17005EB03F /* Project object */;
			proxyType = 1;
			remoteGlobalIDString = 40AF12CC1F4FBE17005EB03F;
			remoteInfo = UEHTML;
		};
/* End PBXContainerItemProxy section */

/* Begin PBXFileReference section */
		40AF12CD1F4FBE17005EB03F /* UEHTML.app */ = {isa = PBXFileReference; explicitFileType = wrapper.application; includeInIndex = 0; path = UEHTML.app; sourceTree = BUILT_PRODUCTS_DIR; };
		40AF12D11F4FBE17005EB03F /* main.m */ = {isa = PBXFileReference; lastKnownFileType = sourcecode.c.objc; path = main.m; sourceTree = "<group>"; };
		40AF12D31F4FBE17005EB03F /* AppDelegate.h */ = {isa = PBXFileReference; lastKnownFileType = sourcecode.c.h; path = AppDelegate.h; sourceTree = "<group>"; };
		40AF12D41F4FBE17005EB03F /* AppDelegate.m */ = {isa = PBXFileReference; lastKnownFileType = sourcecode.c.objc; path = AppDelegate.m; sourceTree = "<group>"; };
		40AF12D61F4FBE17005EB03F /* ViewController.h */ = {isa = PBXFileReference; lastKnownFileType = sourcecode.c.h; path = ViewController.h; sourceTree = "<group>"; };
		40AF12D71F4FBE17005EB03F /* ViewController.m */ = {isa = PBXFileReference; lastKnownFileType = sourcecode.c.objc; path = ViewController.m; sourceTree = "<group>"; };
		40AF12DA1F4FBE17005EB03F /* Base */ = {isa = PBXFileReference; lastKnownFileType = file.storyboard; name = Base; path = Base.lproj/Main.storyboard; sourceTree = "<group>"; };
		40AF12DC1F4FBE17005EB03F /* Assets.xcassets */ = {isa = PBXFileReference; lastKnownFileType = folder.assetcatalog; path = Assets.xcassets; sourceTree = "<group>"; };
		40AF12DF1F4FBE17005EB03F /* Base */ = {isa = PBXFileReference; lastKnownFileType = file.storyboard; name = Base; path = Base.lproj/LaunchScreen.storyboard; sourceTree = "<group>"; };
		40AF12E11F4FBE17005EB03F /* Info.plist */ = {isa = PBXFileReference; lastKnownFileType = text.plist.xml; path = Info.plist; sourceTree = "<group>"; };
		40AF12E61F4FBE17005EB03F /* UEHTMLTests.xctest */ = {isa = PBXFileReference; explicitFileType = wrapper.cfbundle; includeInIndex = 0; path = UEHTMLTests.xctest; sourceTree = BUILT_PRODUCTS_DIR; };
		40AF12EA1F4FBE17005EB03F /* UEHTMLTests.m */ = {isa = PBXFileReference; lastKnownFileType = sourcecode.c.objc; path = UEHTMLTests.m; sourceTree = "<group>"; };
		40AF12EC1F4FBE17005EB03F /* Info.plist */ = {isa = PBXFileReference; lastKnownFileType = text.plist.xml; path = Info.plist; sourceTree = "<group>"; };
		40AF12F11F4FBE17005EB03F /* UEHTMLUITests.xctest */ = {isa = PBXFileReference; explicitFileType = wrapper.cfbundle; includeInIndex = 0; path = UEHTMLUITests.xctest; sourceTree = BUILT_PRODUCTS_DIR; };
		40AF12F51F4FBE17005EB03F /* UEHTMLUITests.m */ = {isa = PBXFileReference; lastKnownFileType = sourcecode.c.objc; path = UEHTMLUITests.m; sourceTree = "<group>"; };
		40AF12F71F4FBE17005EB03F /* Info.plist */ = {isa = PBXFileReference; lastKnownFileType = text.plist.xml; path = Info.plist; sourceTree = "<group>"; };
/* End PBXFileReference section */

/* Begin PBXFrameworksBuildPhase section */
		40AF12CA1F4FBE17005EB03F /* Frameworks */ = {
			isa = PBXFrameworksBuildPhase;
			buildActionMask = 2147483647;
			files = (
			);
			runOnlyForDeploymentPostprocessing = 0;
		};
		40AF12E31F4FBE17005EB03F /* Frameworks */ = {
			isa = PBXFrameworksBuildPhase;
			buildActionMask = 2147483647;
			files = (
			);
			runOnlyForDeploymentPostprocessing = 0;
		};
		40AF12EE1F4FBE17005EB03F /* Frameworks */ = {
			isa = PBXFrameworksBuildPhase;
			buildActionMask = 2147483647;
			files = (
			);
			runOnlyForDeploymentPostprocessing = 0;
		};
/* End PBXFrameworksBuildPhase section */

/* Begin PBXGroup section */
		40AF12C41F4FBE17005EB03F = {
			isa = PBXGroup;
			children = (
				40AF12CF1F4FBE17005EB03F /* UEHTML */,
				40AF12E91F4FBE17005EB03F /* UEHTMLTests */,
				40AF12F41F4FBE17005EB03F /* UEHTMLUITests */,
				40AF12CE1F4FBE17005EB03F /* Products */,
			);
			sourceTree = "<group>";
		};
		40AF12CE1F4FBE17005EB03F /* Products */ = {
			isa = PBXGroup;
			children = (
				40AF12CD1F4FBE17005EB03F /* UEHTML.app */,
				40AF12E61F4FBE17005EB03F /* UEHTMLTests.xctest */,
				40AF12F11F4FBE17005EB03F /* UEHTMLUITests.xctest */,
			);
			name = Products;
			sourceTree = "<group>";
		};
		40AF12CF1F4FBE17005EB03F /* UEHTML */ = {
			isa = PBXGroup;
			children = (
				40AF12D31F4FBE17005EB03F /* AppDelegate.h */,
				40AF12D41F4FBE17005EB03F /* AppDelegate.m */,
				40AF12D61F4FBE17005EB03F /* ViewController.h */,
				40AF12D71F4FBE17005EB03F /* ViewController.m */,
				40AF12D91F4FBE17005EB03F /* Main.storyboard */,
				40AF12DC1F4FBE17005EB03F /* Assets.xcassets */,
				40AF12DE1F4FBE17005EB03F /* LaunchScreen.storyboard */,
				40AF12E11F4FBE17005EB03F /* Info.plist */,
				40AF12D01F4FBE17005EB03F /* Supporting Files */,
			);
			path = UEHTML;
			sourceTree = "<group>";
		};
		40AF12D01F4FBE17005EB03F /* Supporting Files */ = {
			isa = PBXGroup;
			children = (
				40AF12D11F4FBE17005EB03F /* main.m */,
			);
			name = "Supporting Files";
			sourceTree = "<group>";
		};
		40AF12E91F4FBE17005EB03F /* UEHTMLTests */ = {
			isa = PBXGroup;
			children = (
				40AF12EA1F4FBE17005EB03F /* UEHTMLTests.m */,
				40AF12EC1F4FBE17005EB03F /* Info.plist */,
			);
			path = UEHTMLTests;
			sourceTree = "<group>";
		};
		40AF12F41F4FBE17005EB03F /* UEHTMLUITests */ = {
			isa = PBXGroup;
			children = (
				40AF12F51F4FBE17005EB03F /* UEHTMLUITests.m */,
				40AF12F71F4FBE17005EB03F /* Info.plist */,
			);
			path = UEHTMLUITests;
			sourceTree = "<group>";
		};
/* End PBXGroup section */

/* Begin PBXNativeTarget section */
		40AF12CC1F4FBE17005EB03F /* UEHTML */ = {
			isa = PBXNativeTarget;
			buildConfigurationList = 40AF12FA1F4FBE17005EB03F /* Build configuration list for PBXNativeTarget "UEHTML" */;
			buildPhases = (
				40AF12C91F4FBE17005EB03F /* Sources */,
				40AF12CA1F4FBE17005EB03F /* Frameworks */,
				40AF12CB1F4FBE17005EB03F /* Resources */,
			);
			buildRules = (
			);
			dependencies = (
			);
			name = UEHTML;
			productName = UEHTML;
			productReference = 40AF12CD1F4FBE17005EB03F /* UEHTML.app */;
			productType = "com.apple.product-type.application";
		};
		40AF12E51F4FBE17005EB03F /* UEHTMLTests */ = {
			isa = PBXNativeTarget;
			buildConfigurationList = 40AF12FD1F4FBE17005EB03F /* Build configuration list for PBXNativeTarget "UEHTMLTests" */;
			buildPhases = (
				40AF12E21F4FBE17005EB03F /* Sources */,
				40AF12E31F4FBE17005EB03F /* Frameworks */,
				40AF12E41F4FBE17005EB03F /* Resources */,
			);
			buildRules = (
			);
			dependencies = (
				40AF12E81F4FBE17005EB03F /* PBXTargetDependency */,
			);
			name = UEHTMLTests;
			productName = UEHTMLTests;
			productReference = 40AF12E61F4FBE17005EB03F /* UEHTMLTests.xctest */;
			productType = "com.apple.product-type.bundle.unit-test";
		};
		40AF12F01F4FBE17005EB03F /* UEHTMLUITests */ = {
			isa = PBXNativeTarget;
			buildConfigurationList = 40AF13001F4FBE17005EB03F /* Build configuration list for PBXNativeTarget "UEHTMLUITests" */;
			buildPhases = (
				40AF12ED1F4FBE17005EB03F /* Sources */,
				40AF12EE1F4FBE17005EB03F /* Frameworks */,
				40AF12EF1F4FBE17005EB03F /* Resources */,
			);
			buildRules = (
			);
			dependencies = (
				40AF12F31F4FBE17005EB03F /* PBXTargetDependency */,
			);
			name = UEHTMLUITests;
			productName = UEHTMLUITests;
			productReference = 40AF12F11F4FBE17005EB03F /* UEHTMLUITests.xctest */;
			productType = "com.apple.product-type.bundle.ui-testing";
		};
/* End PBXNativeTarget section */

/* Begin PBXProject section */
		40AF12C51F4FBE17005EB03F /* Project object */ = {
			isa = PBXProject;
			attributes = {
				CLASSPREFIX = ATQ;
				LastUpgradeCheck = 0830;
				ORGANIZATIONNAME = LHKH;
				TargetAttributes = {
					40AF12CC1F4FBE17005EB03F = {
						CreatedOnToolsVersion = 8.3.3;
						DevelopmentTeam = K7B37N4V6S;
						ProvisioningStyle = Automatic;
					};
					40AF12E51F4FBE17005EB03F = {
						CreatedOnToolsVersion = 8.3.3;
						DevelopmentTeam = K7B37N4V6S;
						ProvisioningStyle = Automatic;
						TestTargetID = 40AF12CC1F4FBE17005EB03F;
					};
					40AF12F01F4FBE17005EB03F = {
						CreatedOnToolsVersion = 8.3.3;
						DevelopmentTeam = K7B37N4V6S;
						ProvisioningStyle = Automatic;
						TestTargetID = 40AF12CC1F4FBE17005EB03F;
					};
				};
			};
			buildConfigurationList = 40AF12C81F4FBE17005EB03F /* Build configuration list for PBXProject "UEHTML" */;
			compatibilityVersion = "Xcode 3.2";
			developmentRegion = English;
			hasScannedForEncodings = 0;
			knownRegions = (
				en,
				Base,
			);
			mainGroup = 40AF12C41F4FBE17005EB03F;
			productRefGroup = 40AF12CE1F4FBE17005EB03F /* Products */;
			projectDirPath = "";
			projectRoot = "";
			targets = (
				40AF12CC1F4FBE17005EB03F /* UEHTML */,
				40AF12E51F4FBE17005EB03F /* UEHTMLTests */,
				40AF12F01F4FBE17005EB03F /* UEHTMLUITests */,
			);
		};
/* End PBXProject section */

/* Begin PBXResourcesBuildPhase section */
		40AF12CB1F4FBE17005EB03F /* Resources */ = {
			isa = PBXResourcesBuildPhase;
			buildActionMask = 2147483647;
			files = (
				40AF12E01F4FBE17005EB03F /* LaunchScreen.storyboard in Resources */,
				40AF12DD1F4FBE17005EB03F /* Assets.xcassets in Resources */,
				40AF12DB1F4FBE17005EB03F /* Main.storyboard in Resources */,
			);
			runOnlyForDeploymentPostprocessing = 0;
		};
		40AF12E41F4FBE17005EB03F /* Resources */ = {
			isa = PBXResourcesBuildPhase;
			buildActionMask = 2147483647;
			files = (
			);
			runOnlyForDeploymentPostprocessing = 0;
		};
		40AF12EF1F4FBE17005EB03F /* Resources */ = {
			isa = PBXResourcesBuildPhase;
			buildActionMask = 2147483647;
			files = (
			);
			runOnlyForDeploymentPostprocessing = 0;
		};
/* End PBXResourcesBuildPhase section */

/* Begin PBXSourcesBuildPhase section */
		40AF12C91F4FBE17005EB03F /* Sources */ = {
			isa = PBXSourcesBuildPhase;
			buildActionMask = 2147483647;
			files = (
				40AF12D81F4FBE17005EB03F /* ViewController.m in Sources */,
				40AF12D51F4FBE17005EB03F /* AppDelegate.m in Sources */,
				40AF12D21F4FBE17005EB03F /* main.m in Sources */,
			);
			runOnlyForDeploymentPostprocessing = 0;
		};
		40AF12E21F4FBE17005EB03F /* Sources */ = {
			isa = PBXSourcesBuildPhase;
			buildActionMask = 2147483647;
			files = (
				40AF12EB1F4FBE17005EB03F /* UEHTMLTests.m in Sources */,
			);
			runOnlyForDeploymentPostprocessing = 0;
		};
		40AF12ED1F4FBE17005EB03F /* Sources */ = {
			isa = PBXSourcesBuildPhase;
			buildActionMask = 2147483647;
			files = (
				40AF12F61F4FBE17005EB03F /* UEHTMLUITests.m in Sources */,
			);
			runOnlyForDeploymentPostprocessing = 0;
		};
/* End PBXSourcesBuildPhase section */

/* Begin PBXTargetDependency section */
		40AF12E81F4FBE17005EB03F /* PBXTargetDependency */ = {
			isa = PBXTargetDependency;
			target = 40AF12CC1F4FBE17005EB03F /* UEHTML */;
			targetProxy = 40AF12E71F4FBE17005EB03F /* PBXContainerItemProxy */;
		};
		40AF12F31F4FBE17005EB03F /* PBXTargetDependency */ = {
			isa = PBXTargetDependency;
			target = 40AF12CC1F4FBE17005EB03F /* UEHTML */;
			targetProxy = 40AF12F21F4FBE17005EB03F /* PBXContainerItemProxy */;
		};
/* End PBXTargetDependency section */

/* Begin PBXVariantGroup section */
		40AF12D91F4FBE17005EB03F /* Main.storyboard */ = {
			isa = PBXVariantGroup;
			children = (
				40AF12DA1F4FBE17005EB03F /* Base */,
			);
			name = Main.storyboard;
			sourceTree = "<group>";
		};
		40AF12DE1F4FBE17005EB03F /* LaunchScreen.storyboard */ = {
			isa = PBXVariantGroup;
			children = (
				40AF12DF1F4FBE17005EB03F /* Base */,
			);
			name = LaunchScreen.storyboard;
			sourceTree = "<group>";
		};
/* End PBXVariantGroup section */

/* Begin XCBuildConfiguration section */
		40AF12F81F4FBE17005EB03F /* Debug */ = {
			isa = XCBuildConfiguration;
			buildSettings = {
				ALWAYS_SEARCH_USER_PATHS = NO;
				CLANG_ANALYZER_NONNULL = YES;
				CLANG_ANALYZER_NUMBER_OBJECT_CONVERSION = YES_AGGRESSIVE;
				CLANG_CXX_LANGUAGE_STANDARD = "gnu++0x";
				CLANG_CXX_LIBRARY = "libc++";
				CLANG_ENABLE_MODULES = YES;
				CLANG_ENABLE_OBJC_ARC = YES;
				CLANG_WARN_BOOL_CONVERSION = YES;
				CLANG_WARN_CONSTANT_CONVERSION = YES;
				CLANG_WARN_DIRECT_OBJC_ISA_USAGE = YES_ERROR;
				CLANG_WARN_DOCUMENTATION_COMMENTS = YES;
				CLANG_WARN_EMPTY_BODY = YES;
				CLANG_WARN_ENUM_CONVERSION = YES;
				CLANG_WARN_INFINITE_RECURSION = YES;
				CLANG_WARN_INT_CONVERSION = YES;
				CLANG_WARN_OBJC_ROOT_CLASS = YES_ERROR;
				CLANG_WARN_SUSPICIOUS_MOVE = YES;
				CLANG_WARN_UNREACHABLE_CODE = YES;
				CLANG_WARN__DUPLICATE_METHOD_MATCH = YES;
				"CODE_SIGN_IDENTITY[sdk=iphoneos*]" = "iPhone Developer";
				COPY_PHASE_STRIP = NO;
				DEBUG_INFORMATION_FORMAT = dwarf;
				ENABLE_STRICT_OBJC_MSGSEND = YES;
				ENABLE_TESTABILITY = YES;
				GCC_C_LANGUAGE_STANDARD = gnu99;
				GCC_DYNAMIC_NO_PIC = NO;
				GCC_NO_COMMON_BLOCKS = YES;
				GCC_OPTIMIZATION_LEVEL = 0;
				GCC_PREPROCESSOR_DEFINITIONS = (
					"DEBUG=1",
					"$(inherited)",
				);
				GCC_WARN_64_TO_32_BIT_CONVERSION = YES;
				GCC_WARN_ABOUT_RETURN_TYPE = YES_ERROR;
				GCC_WARN_UNDECLARED_SELECTOR = YES;
				GCC_WARN_UNINITIALIZED_AUTOS = YES_AGGRESSIVE;
				GCC_WARN_UNUSED_FUNCTION = YES;
				GCC_WARN_UNUSED_VARIABLE = YES;
				IPHONEOS_DEPLOYMENT_TARGET = 10.3;
				MTL_ENABLE_DEBUG_INFO = YES;
				ONLY_ACTIVE_ARCH = YES;
				SDKROOT = iphoneos;
			};
			name = Debug;
		};
		40AF12F91F4FBE17005EB03F /* Release */ = {
			isa = XCBuildConfiguration;
			buildSettings = {
				ALWAYS_SEARCH_USER_PATHS = NO;
				CLANG_ANALYZER_NONNULL = YES;
				CLANG_ANALYZER_NUMBER_OBJECT_CONVERSION = YES_AGGRESSIVE;
				CLANG_CXX_LANGUAGE_STANDARD = "gnu++0x";
				CLANG_CXX_LIBRARY = "libc++";
				CLANG_ENABLE_MODULES = YES;
				CLANG_ENABLE_OBJC_ARC = YES;
				CLANG_WARN_BOOL_CONVERSION = YES;
				CLANG_WARN_CONSTANT_CONVERSION = YES;
				CLANG_WARN_DIRECT_OBJC_ISA_USAGE = YES_ERROR;
				CLANG_WARN_DOCUMENTATION_COMMENTS = YES;
				CLANG_WARN_EMPTY_BODY = YES;
				CLANG_WARN_ENUM_CONVERSION = YES;
				CLANG_WARN_INFINITE_RECURSION = YES;
				CLANG_WARN_INT_CONVERSION = YES;
				CLANG_WARN_OBJC_ROOT_CLASS = YES_ERROR;
				CLANG_WARN_SUSPICIOUS_MOVE = YES;
				CLANG_WARN_UNREACHABLE_CODE = YES;
				CLANG_WARN__DUPLICATE_METHOD_MATCH = YES;
				"CODE_SIGN_IDENTITY[sdk=iphoneos*]" = "iPhone Developer";
				COPY_PHASE_STRIP = NO;
				DEBUG_INFORMATION_FORMAT = "dwarf-with-dsym";
				ENABLE_NS_ASSERTIONS = NO;
				ENABLE_STRICT_OBJC_MSGSEND = YES;
				GCC_C_LANGUAGE_STANDARD = gnu99;
				GCC_NO_COMMON_BLOCKS = YES;
				GCC_WARN_64_TO_32_BIT_CONVERSION = YES;
				GCC_WARN_ABOUT_RETURN_TYPE = YES_ERROR;
				GCC_WARN_UNDECLARED_SELECTOR = YES;
				GCC_WARN_UNINITIALIZED_AUTOS = YES_AGGRESSIVE;
				GCC_WARN_UNUSED_FUNCTION = YES;
				GCC_WARN_UNUSED_VARIABLE = YES;
				IPHONEOS_DEPLOYMENT_TARGET = 10.3;
				MTL_ENABLE_DEBUG_INFO = NO;
				SDKROOT = iphoneos;
				VALIDATE_PRODUCT = YES;
			};
			name = Release;
		};
		40AF12FB1F4FBE17005EB03F /* Debug */ = {
			isa = XCBuildConfiguration;
			buildSettings = {
				ASSETCATALOG_COMPILER_APPICON_NAME = AppIcon;
				DEVELOPMENT_TEAM = K7B37N4V6S;
				INFOPLIST_FILE = UEHTML/Info.plist;
				LD_RUNPATH_SEARCH_PATHS = "$(inherited) @executable_path/Frameworks";
				PRODUCT_BUNDLE_IDENTIFIER = LHKH.UEHTML;
				PRODUCT_NAME = "$(TARGET_NAME)";
			};
			name = Debug;
		};
		40AF12FC1F4FBE17005EB03F /* Release */ = {
			isa = XCBuildConfiguration;
			buildSettings = {
				ASSETCATALOG_COMPILER_APPICON_NAME = AppIcon;
				DEVELOPMENT_TEAM = K7B37N4V6S;
				INFOPLIST_FILE = UEHTML/Info.plist;
				LD_RUNPATH_SEARCH_PATHS = "$(inherited) @executable_path/Frameworks";
				PRODUCT_BUNDLE_IDENTIFIER = LHKH.UEHTML;
				PRODUCT_NAME = "$(TARGET_NAME)";
			};
			name = Release;
		};
		40AF12FE1F4FBE17005EB03F /* Debug */ = {
			isa = XCBuildConfiguration;
			buildSettings = {
				BUNDLE_LOADER = "$(TEST_HOST)";
				DEVELOPMENT_TEAM = K7B37N4V6S;
				INFOPLIST_FILE = UEHTMLTests/Info.plist;
				LD_RUNPATH_SEARCH_PATHS = "$(inherited) @executable_path/Frameworks @loader_path/Frameworks";
				PRODUCT_BUNDLE_IDENTIFIER = LHKH.UEHTMLTests;
				PRODUCT_NAME = "$(TARGET_NAME)";
				TEST_HOST = "$(BUILT_PRODUCTS_DIR)/UEHTML.app/UEHTML";
			};
			name = Debug;
		};
		40AF12FF1F4FBE17005EB03F /* Release */ = {
			isa = XCBuildConfiguration;
			buildSettings = {
				BUNDLE_LOADER = "$(TEST_HOST)";
				DEVELOPMENT_TEAM = K7B37N4V6S;
				INFOPLIST_FILE = UEHTMLTests/Info.plist;
				LD_RUNPATH_SEARCH_PATHS = "$(inherited) @executable_path/Frameworks @loader_path/Frameworks";
				PRODUCT_BUNDLE_IDENTIFIER = LHKH.UEHTMLTests;
				PRODUCT_NAME = "$(TARGET_NAME)";
				TEST_HOST = "$(BUILT_PRODUCTS_DIR)/UEHTML.app/UEHTML";
			};
			name = Release;
		};
		40AF13011F4FBE17005EB03F /* Debug */ = {
			isa = XCBuildConfiguration;
			buildSettings = {
				DEVELOPMENT_TEAM = K7B37N4V6S;
				INFOPLIST_FILE = UEHTMLUITests/Info.plist;
				LD_RUNPATH_SEARCH_PATHS = "$(inherited) @executable_path/Frameworks @loader_path/Frameworks";
				PRODUCT_BUNDLE_IDENTIFIER = LHKH.UEHTMLUITests;
				PRODUCT_NAME = "$(TARGET_NAME)";
				TEST_TARGET_NAME = UEHTML;
			};
			name = Debug;
		};
		40AF13021F4FBE17005EB03F /* Release */ = {
			isa = XCBuildConfiguration;
			buildSettings = {
				DEVELOPMENT_TEAM = K7B37N4V6S;
				INFOPLIST_FILE = UEHTMLUITests/Info.plist;
				LD_RUNPATH_SEARCH_PATHS = "$(inherited) @executable_path/Frameworks @loader_path/Frameworks";
				PRODUCT_BUNDLE_IDENTIFIER = LHKH.UEHTMLUITests;
				PRODUCT_NAME = "$(TARGET_NAME)";
				TEST_TARGET_NAME = UEHTML;
			};
			name = Release;
		};
/* End XCBuildConfiguration section */

/* Begin XCConfigurationList section */
		40AF12C81F4FBE17005EB03F /* Build configuration list for PBXProject "UEHTML" */ = {
			isa = XCConfigurationList;
			buildConfigurations = (
				40AF12F81F4FBE17005EB03F /* Debug */,
				40AF12F91F4FBE17005EB03F /* Release */,
			);
			defaultConfigurationIsVisible = 0;
			defaultConfigurationName = Release;
		};
		40AF12FA1F4FBE17005EB03F /* Build configuration list for PBXNativeTarget "UEHTML" */ = {
			isa = XCConfigurationList;
			buildConfigurations = (
				40AF12FB1F4FBE17005EB03F /* Debug */,
				40AF12FC1F4FBE17005EB03F /* Release */,
			);
			defaultConfigurationIsVisible = 0;
		};
		40AF12FD1F4FBE17005EB03F /* Build configuration list for PBXNativeTarget "UEHTMLTests" */ = {
			isa = XCConfigurationList;
			buildConfigurations = (
				40AF12FE1F4FBE17005EB03F /* Debug */,
				40AF12FF1F4FBE17005EB03F /* Release */,
			);
			defaultConfigurationIsVisible = 0;
		};
		40AF13001F4FBE17005EB03F /* Build configuration list for PBXNativeTarget "UEHTMLUITests" */ = {
			isa = XCConfigurationList;
			buildConfigurations = (
				40AF13011F4FBE17005EB03F /* Debug */,
				40AF13021F4FBE17005EB03F /* Release */,
			);
			defaultConfigurationIsVisible = 0;
		};
/* End XCConfigurationList section */
	};
	rootObject = 40AF12C51F4FBE17005EB03F /* Project object */;
}
